
Microsoft Visual Studio Solution File, Format Version 12.00
# Visual Studio 15
VisualStudioVersion = 15.0.27130.2024
MinimumVisualStudioVersion = 10.0.40219.1
Project("{FAE04EC0-301F-11D3-BF4B-00C04F79EFBC}") = "GraphExample", "GraphExample\GraphExample.csproj", "{8F97C25C-A083-4EA3-A8A5-6F6B5202B18E}"
EndProject
Global
	GlobalSection(SolutionConfigurationPlatforms) = preSolution
		Debug|Any CPU = Debug|Any CPU
		Release|Any CPU = Release|Any CPU
	EndGlobalSection
	GlobalSection(ProjectConfigurationPlatforms) = postSolution
		{8F97C25C-A083-4EA3-A8A5-6F6B5202B18E}.Debug|Any CPU.ActiveCfg = Debug|Any CPU
		{8F97C25C-A083-4EA3-A8A5-6F6B5202B18E}.Debug|Any CPU.Build.0 = Debug|Any CPU
		{8F97C25C-A083-4EA3-A8A5-6F6B5202B18E}.Release|Any CPU.ActiveCfg = Release|Any CPU
		{8F97C25C-A083-4EA3-A8A5-6F6B5202B18E}.Release|Any CPU.Build.0 = Release|Any CPU
	EndGlobalSection
	GlobalSection(SolutionProperties) = preSolution
		HideSolutionNode = FALSE
	EndGlobalSection
	GlobalSection(ExtensibilityGlobals) = postSolution
		SolutionGuid = {23FC4DE6-2D0B-479B-B62C-1095F015AB89}
	EndGlobalSection
EndGlobal
